github.com/bearstonedev/gotest v0.2.12 h1:CIVr/4nO7wnCDx/FWiVOm6M5NpZ3mXRdbcLSzprzV+k=
github.com/bearstonedev/gotest v0.2.12/go.mod h1:AODE/Op5XWghhTQTvE4U42ZzboNlxqIKdKuucp0HiY0=
github.com/google/go-cmp v0.6.0 h1:ofyhxvXcZhMsU5ulbFiLKl/XBFqE1GSq7atu8tAmTRI=
github.com/google/go-cmp v0.6.0/go.mod h1:17dUlkBOakJ0+DkrSSNjCkIjxS6bF9zb3elmeNGIjoY=
