github.com/bearstonedev/gotest v0.2.10 h1:nldo/CxlFOI4jTQT6snJ/g511UyZCp/rFvMHXDQi8Os=
github.com/bearstonedev/gotest v0.2.10/go.mod h1:XYqlEYi2VUfYufCJ6QWDJz1xWM8sbQXUb7IT22lCx9Q=
github.com/google/go-cmp v0.6.0 h1:ofyhxvXcZhMsU5ulbFiLKl/XBFqE1GSq7atu8tAmTRI=
github.com/google/go-cmp v0.6.0/go.mod h1:17dUlkBOakJ0+DkrSSNjCkIjxS6bF9zb3elmeNGIjoY=
